// !$*UTF8*$!
{
	archiveVersion = 1;
	classes = {
	};
	objectVersion = 55;
	objects = {

/* Begin PBXBuildFile section */
		7863AC0A2845CA6A009D8E66 /* Roboto-Medium.ttf in Resources */ = {isa = PBXBuildFile; fileRef = 7863ABFD2845CA6A009D8E66 /* Roboto-Medium.ttf */; };
		7863AC0B2845CA6A009D8E66 /* Roboto-Light.ttf in Resources */ = {isa = PBXBuildFile; fileRef = 7863ABFE2845CA6A009D8E66 /* Roboto-Light.ttf */; };
		7863AC0C2845CA6A009D8E66 /* Roboto-Regular.ttf in Resources */ = {isa = PBXBuildFile; fileRef = 7863ABFF2845CA6A009D8E66 /* Roboto-Regular.ttf */; };
		7863AC0D2845CA6A009D8E66 /* Roboto-MediumItalic.ttf in Resources */ = {isa = PBXBuildFile; fileRef = 7863AC002845CA6A009D8E66 /* Roboto-MediumItalic.ttf */; };
		7863AC0E2845CA6A009D8E66 /* Roboto-ThinItalic.ttf in Resources */ = {isa = PBXBuildFile; fileRef = 7863AC012845CA6A009D8E66 /* Roboto-ThinItalic.ttf */; };
		7863AC0F2845CA6A009D8E66 /* Roboto-BoldItalic.ttf in Resources */ = {isa = PBXBuildFile; fileRef = 7863AC022845CA6A009D8E66 /* Roboto-BoldItalic.ttf */; };
		7863AC102845CA6A009D8E66 /* Roboto-LightItalic.ttf in Resources */ = {isa = PBXBuildFile; fileRef = 7863AC032845CA6A009D8E66 /* Roboto-LightItalic.ttf */; };
		7863AC112845CA6A009D8E66 /* Roboto-Italic.ttf in Resources */ = {isa = PBXBuildFile; fileRef = 7863AC042845CA6A009D8E66 /* Roboto-Italic.ttf */; };
		7863AC122845CA6A009D8E66 /* LICENSE.txt in Resources */ = {isa = PBXBuildFile; fileRef = 7863AC052845CA6A009D8E66 /* LICENSE.txt */; };
		7863AC132845CA6A009D8E66 /* Roboto-BlackItalic.ttf in Resources */ = {isa = PBXBuildFile; fileRef = 7863AC062845CA6A009D8E66 /* Roboto-BlackItalic.ttf */; };
		7863AC142845CA6A009D8E66 /* Roboto-Bold.ttf in Resources */ = {isa = PBXBuildFile; fileRef = 7863AC072845CA6A009D8E66 /* Roboto-Bold.ttf */; };
		7863AC152845CA6A009D8E66 /* Roboto-Thin.ttf in Resources */ = {isa = PBXBuildFile; fileRef = 7863AC082845CA6A009D8E66 /* Roboto-Thin.ttf */; };
		7863AC162845CA6A009D8E66 /* Roboto-Black.ttf in Resources */ = {isa = PBXBuildFile; fileRef = 7863AC092845CA6A009D8E66 /* Roboto-Black.ttf */; };
		7863AC182845CAEC009D8E66 /* Launch Screen.storyboard in Resources */ = {isa = PBXBuildFile; fileRef = 7863AC172845CAEC009D8E66 /* Launch Screen.storyboard */; };
		78CFF7B12845044E00B95611 /* SwiTestApp.swift in Sources */ = {isa = PBXBuildFile; fileRef = 78CFF7B02845044E00B95611 /* SwiTestApp.swift */; };
		78CFF7B32845044E00B95611 /* ContentView.swift in Sources */ = {isa = PBXBuildFile; fileRef = 78CFF7B22845044E00B95611 /* ContentView.swift */; };
		78CFF7B52845044E00B95611 /* Assets.xcassets in Resources */ = {isa = PBXBuildFile; fileRef = 78CFF7B42845044E00B95611 /* Assets.xcassets */; };
		78CFF7B82845044E00B95611 /* Preview Assets.xcassets in Resources */ = {isa = PBXBuildFile; fileRef = 78CFF7B72845044E00B95611 /* Preview Assets.xcassets */; };
/* End PBXBuildFile section */

/* Begin PBXFileReference section */
		7863ABFD2845CA6A009D8E66 /* Roboto-Medium.ttf */ = {isa = PBXFileReference; lastKnownFileType = file; path = "Roboto-Medium.ttf"; sourceTree = "<group>"; };
		7863ABFE2845CA6A009D8E66 /* Roboto-Light.ttf */ = {isa = PBXFileReference; lastKnownFileType = file; path = "Roboto-Light.ttf"; sourceTree = "<group>"; };
		7863ABFF2845CA6A009D8E66 /* Roboto-Regular.ttf */ = {isa = PBXFileReference; lastKnownFileType = file; path = "Roboto-Regular.ttf"; sourceTree = "<group>"; };
		7863AC002845CA6A009D8E66 /* Roboto-MediumItalic.ttf */ = {isa = PBXFileReference; lastKnownFileType = file; path = "Roboto-MediumItalic.ttf"; sourceTree = "<group>"; };
		7863AC012845CA6A009D8E66 /* Roboto-ThinItalic.ttf */ = {isa = PBXFileReference; lastKnownFileType = file; path = "Roboto-ThinItalic.ttf"; sourceTree = "<group>"; };
		7863AC022845CA6A009D8E66 /* Roboto-BoldItalic.ttf */ = {isa = PBXFileReference; lastKnownFileType = file; path = "Roboto-BoldItalic.ttf"; sourceTree = "<group>"; };
		7863AC032845CA6A009D8E66 /* Roboto-LightItalic.ttf */ = {isa = PBXFileReference; lastKnownFileType = file; path = "Roboto-LightItalic.ttf"; sourceTree = "<group>"; };
		7863AC042845CA6A009D8E66 /* Roboto-Italic.ttf */ = {isa = PBXFileReference; lastKnownFileType = file; path = "Roboto-Italic.ttf"; sourceTree = "<group>"; };
		7863AC052845CA6A009D8E66 /* LICENSE.txt */ = {isa = PBXFileReference; fileEncoding = 4; lastKnownFileType = text; path = LICENSE.txt; sourceTree = "<group>"; };
		7863AC062845CA6A009D8E66 /* Roboto-BlackItalic.ttf */ = {isa = PBXFileReference; lastKnownFileType = file; path = "Roboto-BlackItalic.ttf"; sourceTree = "<group>"; };
		7863AC072845CA6A009D8E66 /* Roboto-Bold.ttf */ = {isa = PBXFileReference; lastKnownFileType = file; path = "Roboto-Bold.ttf"; sourceTree = "<group>"; };
		7863AC082845CA6A009D8E66 /* Roboto-Thin.ttf */ = {isa = PBXFileReference; lastKnownFileType = file; path = "Roboto-Thin.ttf"; sourceTree = "<group>"; };
		7863AC092845CA6A009D8E66 /* Roboto-Black.ttf */ = {isa = PBXFileReference; lastKnownFileType = file; path = "Roboto-Black.ttf"; sourceTree = "<group>"; };
		7863AC172845CAEC009D8E66 /* Launch Screen.storyboard */ = {isa = PBXFileReference; lastKnownFileType = file.storyboard; path = "Launch Screen.storyboard"; sourceTree = "<group>"; };
		7863AC192845CE38009D8E66 /* Info.plist */ = {isa = PBXFileReference; lastKnownFileType = text.plist; path = Info.plist; sourceTree = "<group>"; };
		78CFF7AD2845044E00B95611 /* SwiTest.app */ = {isa = PBXFileReference; explicitFileType = wrapper.application; includeInIndex = 0; path = SwiTest.app; sourceTree = BUILT_PRODUCTS_DIR; };
		78CFF7B02845044E00B95611 /* SwiTestApp.swift */ = {isa = PBXFileReference; lastKnownFileType = sourcecode.swift; path = SwiTestApp.swift; sourceTree = "<group>"; };
		78CFF7B22845044E00B95611 /* ContentView.swift */ = {isa = PBXFileReference; lastKnownFileType = sourcecode.swift; path = ContentView.swift; sourceTree = "<group>"; };
		78CFF7B42845044E00B95611 /* Assets.xcassets */ = {isa = PBXFileReference; lastKnownFileType = folder.assetcatalog; path = Assets.xcassets; sourceTree = "<group>"; };
		78CFF7B72845044E00B95611 /* Preview Assets.xcassets */ = {isa = PBXFileReference; lastKnownFileType = folder.assetcatalog; path = "Preview Assets.xcassets"; sourceTree = "<group>"; };
/* End PBXFileReference section */

/* Begin PBXFrameworksBuildPhase section */
		78CFF7AA2845044D00B95611 /* Frameworks */ = {
			isa = PBXFrameworksBuildPhase;
			buildActionMask = 2147483647;
			files = (
			);
			runOnlyForDeploymentPostprocessing = 0;
		};
/* End PBXFrameworksBuildPhase section */

/* Begin PBXGroup section */
		7863ABFB2845C9F7009D8E66 /* Font */ = {
			isa = PBXGroup;
			children = (
				7863ABFC2845CA6A009D8E66 /* Roboto */,
			);
			path = Font;
			sourceTree = "<group>";
		};
		7863ABFC2845CA6A009D8E66 /* Roboto */ = {
			isa = PBXGroup;
			children = (
				7863ABFD2845CA6A009D8E66 /* Roboto-Medium.ttf */,
				7863ABFE2845CA6A009D8E66 /* Roboto-Light.ttf */,
				7863ABFF2845CA6A009D8E66 /* Roboto-Regular.ttf */,
				7863AC002845CA6A009D8E66 /* Roboto-MediumItalic.ttf */,
				7863AC012845CA6A009D8E66 /* Roboto-ThinItalic.ttf */,
				7863AC022845CA6A009D8E66 /* Roboto-BoldItalic.ttf */,
				7863AC032845CA6A009D8E66 /* Roboto-LightItalic.ttf */,
				7863AC042845CA6A009D8E66 /* Roboto-Italic.ttf */,
				7863AC052845CA6A009D8E66 /* LICENSE.txt */,
				7863AC062845CA6A009D8E66 /* Roboto-BlackItalic.ttf */,
				7863AC072845CA6A009D8E66 /* Roboto-Bold.ttf */,
				7863AC082845CA6A009D8E66 /* Roboto-Thin.ttf */,
				7863AC092845CA6A009D8E66 /* Roboto-Black.ttf */,
			);
			path = Roboto;
			sourceTree = "<group>";
		};
		78CFF7A42845044D00B95611 = {
			isa = PBXGroup;
			children = (
				78CFF7AF2845044E00B95611 /* SwiTest */,
				78CFF7AE2845044E00B95611 /* Products */,
			);
			sourceTree = "<group>";
		};
		78CFF7AE2845044E00B95611 /* Products */ = {
			isa = PBXGroup;
			children = (
				78CFF7AD2845044E00B95611 /* SwiTest.app */,
			);
			name = Products;
			sourceTree = "<group>";
		};
		78CFF7AF2845044E00B95611 /* SwiTest */ = {
			isa = PBXGroup;
			children = (
				7863AC192845CE38009D8E66 /* Info.plist */,
				7863ABFB2845C9F7009D8E66 /* Font */,
				78CFF7B02845044E00B95611 /* SwiTestApp.swift */,
				78CFF7B22845044E00B95611 /* ContentView.swift */,
				78CFF7B42845044E00B95611 /* Assets.xcassets */,
				7863AC172845CAEC009D8E66 /* Launch Screen.storyboard */,
				78CFF7B62845044E00B95611 /* Preview Content */,
			);
			path = SwiTest;
			sourceTree = "<group>";
		};
		78CFF7B62845044E00B95611 /* Preview Content */ = {
			isa = PBXGroup;
			children = (
				78CFF7B72845044E00B95611 /* Preview Assets.xcassets */,
			);
			path = "Preview Content";
			sourceTree = "<group>";
		};
/* End PBXGroup section */

/* Begin PBXNativeTarget section */
		78CFF7AC2845044D00B95611 /* SwiTest */ = {
			isa = PBXNativeTarget;
			buildConfigurationList = 78CFF7BB2845044E00B95611 /* Build configuration list for PBXNativeTarget "SwiTest" */;
			buildPhases = (
				78CFF7A92845044D00B95611 /* Sources */,
				78CFF7AA2845044D00B95611 /* Frameworks */,
				78CFF7AB2845044D00B95611 /* Resources */,
			);
			buildRules = (
			);
			dependencies = (
			);
			name = SwiTest;
			productName = SwiTest;
			productReference = 78CFF7AD2845044E00B95611 /* SwiTest.app */;
			productType = "com.apple.product-type.application";
		};
/* End PBXNativeTarget section */

/* Begin PBXProject section */
		78CFF7A52845044D00B95611 /* Project object */ = {
			isa = PBXProject;
			attributes = {
				BuildIndependentTargetsInParallel = 1;
				LastSwiftUpdateCheck = 1340;
				LastUpgradeCheck = 1340;
				TargetAttributes = {
					78CFF7AC2845044D00B95611 = {
						CreatedOnToolsVersion = 13.4;
					};
				};
			};
			buildConfigurationList = 78CFF7A82845044D00B95611 /* Build configuration list for PBXProject "SwiTest" */;
			compatibilityVersion = "Xcode 13.0";
			developmentRegion = en;
			hasScannedForEncodings = 0;
			knownRegions = (
				en,
				Base,
			);
			mainGroup = 78CFF7A42845044D00B95611;
			productRefGroup = 78CFF7AE2845044E00B95611 /* Products */;
			projectDirPath = "";
			projectRoot = "";
			targets = (
				78CFF7AC2845044D00B95611 /* SwiTest */,
			);
		};
/* End PBXProject section */

/* Begin PBXResourcesBuildPhase section */
		78CFF7AB2845044D00B95611 /* Resources */ = {
			isa = PBXResourcesBuildPhase;
			buildActionMask = 2147483647;
			files = (
				7863AC152845CA6A009D8E66 /* Roboto-Thin.ttf in Resources */,
				7863AC122845CA6A009D8E66 /* LICENSE.txt in Resources */,
				7863AC162845CA6A009D8E66 /* Roboto-Black.ttf in Resources */,
				7863AC142845CA6A009D8E66 /* Roboto-Bold.ttf in Resources */,
				78CFF7B82845044E00B95611 /* Preview Assets.xcassets in Resources */,
				78CFF7B52845044E00B95611 /* Assets.xcassets in Resources */,
				7863AC0F2845CA6A009D8E66 /* Roboto-BoldItalic.ttf in Resources */,
				7863AC0C2845CA6A009D8E66 /* Roboto-Regular.ttf in Resources */,
				7863AC0E2845CA6A009D8E66 /* Roboto-ThinItalic.ttf in Resources */,
				7863AC102845CA6A009D8E66 /* Roboto-LightItalic.ttf in Resources */,
				7863AC182845CAEC009D8E66 /* Launch Screen.storyboard in Resources */,
				7863AC132845CA6A009D8E66 /* Roboto-BlackItalic.ttf in Resources */,
				7863AC0B2845CA6A009D8E66 /* Roboto-Light.ttf in Resources */,
				7863AC112845CA6A009D8E66 /* Roboto-Italic.ttf in Resources */,
				7863AC0D2845CA6A009D8E66 /* Roboto-MediumItalic.ttf in Resources */,
				7863AC0A2845CA6A009D8E66 /* Roboto-Medium.ttf in Resources */,
			);
			runOnlyForDeploymentPostprocessing = 0;
		};
/* End PBXResourcesBuildPhase section */

/* Begin PBXSourcesBuildPhase section */
		78CFF7A92845044D00B95611 /* Sources */ = {
			isa = PBXSourcesBuildPhase;
			buildActionMask = 2147483647;
			files = (
				78CFF7B32845044E00B95611 /* ContentView.swift in Sources */,
				78CFF7B12845044E00B95611 /* SwiTestApp.swift in Sources */,
			);
			runOnlyForDeploymentPostprocessing = 0;
		};
/* End PBXSourcesBuildPhase section */

/* Begin XCBuildConfiguration section */
		78CFF7B92845044E00B95611 /* Debug */ = {
			isa = XCBuildConfiguration;
			buildSettings = {
				ALWAYS_SEARCH_USER_PATHS = NO;
				CLANG_ANALYZER_NONNULL = YES;
				CLANG_ANALYZER_NUMBER_OBJECT_CONVERSION = YES_AGGRESSIVE;
				CLANG_CXX_LANGUAGE_STANDARD = "gnu++17";
				CLANG_ENABLE_MODULES = YES;
				CLANG_ENABLE_OBJC_ARC = YES;
				CLANG_ENABLE_OBJC_WEAK = YES;
				CLANG_WARN_BLOCK_CAPTURE_AUTORELEASING = YES;
				CLANG_WARN_BOOL_CONVERSION = YES;
				CLANG_WARN_COMMA = YES;
				CLANG_WARN_CONSTANT_CONVERSION = YES;
				CLANG_WARN_DEPRECATED_OBJC_IMPLEMENTATIONS = YES;
				CLANG_WARN_DIRECT_OBJC_ISA_USAGE = YES_ERROR;
				CLANG_WARN_DOCUMENTATION_COMMENTS = YES;
				CLANG_WARN_EMPTY_BODY = YES;
				CLANG_WARN_ENUM_CONVERSION = YES;
				CLANG_WARN_INFINITE_RECURSION = YES;
				CLANG_WARN_INT_CONVERSION = YES;
				CLANG_WARN_NON_LITERAL_NULL_CONVERSION = YES;
				CLANG_WARN_OBJC_IMPLICIT_RETAIN_SELF = YES;
				CLANG_WARN_OBJC_LITERAL_CONVERSION = YES;
				CLANG_WARN_OBJC_ROOT_CLASS = YES_ERROR;
				CLANG_WARN_QUOTED_INCLUDE_IN_FRAMEWORK_HEADER = YES;
				CLANG_WARN_RANGE_LOOP_ANALYSIS = YES;
				CLANG_WARN_STRICT_PROTOTYPES = YES;
				CLANG_WARN_SUSPICIOUS_MOVE = YES;
				CLANG_WARN_UNGUARDED_AVAILABILITY = YES_AGGRESSIVE;
				CLANG_WARN_UNREACHABLE_CODE = YES;
				CLANG_WARN__DUPLICATE_METHOD_MATCH = YES;
				COPY_PHASE_STRIP = NO;
				DEBUG_INFORMATION_FORMAT = dwarf;
				ENABLE_STRICT_OBJC_MSGSEND = YES;
				ENABLE_TESTABILITY = YES;
				GCC_C_LANGUAGE_STANDARD = gnu11;
				GCC_DYNAMIC_NO_PIC = NO;
				GCC_NO_COMMON_BLOCKS = YES;
				GCC_OPTIMIZATION_LEVEL = 0;
				GCC_PREPROCESSOR_DEFINITIONS = (
					"DEBUG=1",
					"$(inherited)",
				);
				GCC_WARN_64_TO_32_BIT_CONVERSION = YES;
				GCC_WARN_ABOUT_RETURN_TYPE = YES_ERROR;
				GCC_WARN_UNDECLARED_SELECTOR = YES;
				GCC_WARN_UNINITIALIZED_AUTOS = YES_AGGRESSIVE;
				GCC_WARN_UNUSED_FUNCTION = YES;
				GCC_WARN_UNUSED_VARIABLE = YES;
				IPHONEOS_DEPLOYMENT_TARGET = 15.5;
				MTL_ENABLE_DEBUG_INFO = INCLUDE_SOURCE;
				MTL_FAST_MATH = YES;
				ONLY_ACTIVE_ARCH = YES;
				SDKROOT = iphoneos;
				SWIFT_ACTIVE_COMPILATION_CONDITIONS = DEBUG;
				SWIFT_OPTIMIZATION_LEVEL = "-Onone";
			};
			name = Debug;
		};
		78CFF7BA2845044E00B95611 /* Release */ = {
			isa = XCBuildConfiguration;
			buildSettings = {
				ALWAYS_SEARCH_USER_PATHS = NO;
				CLANG_ANALYZER_NONNULL = YES;
				CLANG_ANALYZER_NUMBER_OBJECT_CONVERSION = YES_AGGRESSIVE;
				CLANG_CXX_LANGUAGE_STANDARD = "gnu++17";
				CLANG_ENABLE_MODULES = YES;
				CLANG_ENABLE_OBJC_ARC = YES;
				CLANG_ENABLE_OBJC_WEAK = YES;
				CLANG_WARN_BLOCK_CAPTURE_AUTORELEASING = YES;
				CLANG_WARN_BOOL_CONVERSION = YES;
				CLANG_WARN_COMMA = YES;
				CLANG_WARN_CONSTANT_CONVERSION = YES;
				CLANG_WARN_DEPRECATED_OBJC_IMPLEMENTATIONS = YES;
				CLANG_WARN_DIRECT_OBJC_ISA_USAGE = YES_ERROR;
				CLANG_WARN_DOCUMENTATION_COMMENTS = YES;
				CLANG_WARN_EMPTY_BODY = YES;
				CLANG_WARN_ENUM_CONVERSION = YES;
				CLANG_WARN_INFINITE_RECURSION = YES;
				CLANG_WARN_INT_CONVERSION = YES;
				CLANG_WARN_NON_LITERAL_NULL_CONVERSION = YES;
				CLANG_WARN_OBJC_IMPLICIT_RETAIN_SELF = YES;
				CLANG_WARN_OBJC_LITERAL_CONVERSION = YES;
				CLANG_WARN_OBJC_ROOT_CLASS = YES_ERROR;
				CLANG_WARN_QUOTED_INCLUDE_IN_FRAMEWORK_HEADER = YES;
				CLANG_WARN_RANGE_LOOP_ANALYSIS = YES;
				CLANG_WARN_STRICT_PROTOTYPES = YES;
				CLANG_WARN_SUSPICIOUS_MOVE = YES;
				CLANG_WARN_UNGUARDED_AVAILABILITY = YES_AGGRESSIVE;
				CLANG_WARN_UNREACHABLE_CODE = YES;
				CLANG_WARN__DUPLICATE_METHOD_MATCH = YES;
				COPY_PHASE_STRIP = NO;
				DEBUG_INFORMATION_FORMAT = "dwarf-with-dsym";
				ENABLE_NS_ASSERTIONS = NO;
				ENABLE_STRICT_OBJC_MSGSEND = YES;
				GCC_C_LANGUAGE_STANDARD = gnu11;
				GCC_NO_COMMON_BLOCKS = YES;
				GCC_WARN_64_TO_32_BIT_CONVERSION = YES;
				GCC_WARN_ABOUT_RETURN_TYPE = YES_ERROR;
				GCC_WARN_UNDECLARED_SELECTOR = YES;
				GCC_WARN_UNINITIALIZED_AUTOS = YES_AGGRESSIVE;
				GCC_WARN_UNUSED_FUNCTION = YES;
				GCC_WARN_UNUSED_VARIABLE = YES;
				IPHONEOS_DEPLOYMENT_TARGET = 15.5;
				MTL_ENABLE_DEBUG_INFO = NO;
				MTL_FAST_MATH = YES;
				SDKROOT = iphoneos;
				SWIFT_COMPILATION_MODE = wholemodule;
				SWIFT_OPTIMIZATION_LEVEL = "-O";
				VALIDATE_PRODUCT = YES;
			};
			name = Release;
		};
		78CFF7BC2845044E00B95611 /* Debug */ = {
			isa = XCBuildConfiguration;
			buildSettings = {
				ASSETCATALOG_COMPILER_APPICON_NAME = AppIcon;
				ASSETCATALOG_COMPILER_GLOBAL_ACCENT_COLOR_NAME = AccentColor;
				CODE_SIGN_STYLE = Automatic;
				CURRENT_PROJECT_VERSION = 1;
				DEVELOPMENT_ASSET_PATHS = "\"SwiTest/Preview Content\"";
				DEVELOPMENT_TEAM = WQD7F9D6LV;
				ENABLE_PREVIEWS = YES;
				GENERATE_INFOPLIST_FILE = YES;
				INFOPLIST_FILE = SwiTest/Info.plist;
				INFOPLIST_KEY_UIApplicationSceneManifest_Generation = YES;
				INFOPLIST_KEY_UIApplicationSupportsIndirectInputEvents = YES;
				INFOPLIST_KEY_UILaunchScreen_Generation = YES;
				INFOPLIST_KEY_UISupportedInterfaceOrientations_iPad = "UIInterfaceOrientationPortrait UIInterfaceOrientationPortraitUpsideDown UIInterfaceOrientationLandscapeLeft UIInterfaceOrientationLandscapeRight";
				INFOPLIST_KEY_UISupportedInterfaceOrientations_iPhone = "UIInterfaceOrientationPortrait UIInterfaceOrientationLandscapeLeft UIInterfaceOrientationLandscapeRight";
				LD_RUNPATH_SEARCH_PATHS = (
					"$(inherited)",
					"@executable_path/Frameworks",
				);
				MARKETING_VERSION = 1.0;
				PRODUCT_BUNDLE_IDENTIFIER = com.moolman.SwiTest;
				PRODUCT_NAME = "$(TARGET_NAME)";
				SWIFT_EMIT_LOC_STRINGS = YES;
				SWIFT_VERSION = 5.0;
				TARGETED_DEVICE_FAMILY = "1,2";
			};
			name = Debug;
		};
		78CFF7BD2845044E00B95611 /* Release */ = {
			isa = XCBuildConfiguration;
			buildSettings = {
				ASSETCATALOG_COMPILER_APPICON_NAME = AppIcon;
				ASSETCATALOG_COMPILER_GLOBAL_ACCENT_COLOR_NAME = AccentColor;
				CODE_SIGN_STYLE = Automatic;
				CURRENT_PROJECT_VERSION = 1;
				DEVELOPMENT_ASSET_PATHS = "\"SwiTest/Preview Content\"";
				DEVELOPMENT_TEAM = WQD7F9D6LV;
				ENABLE_PREVIEWS = YES;
				GENERATE_INFOPLIST_FILE = YES;
				INFOPLIST_FILE = SwiTest/Info.plist;
				INFOPLIST_KEY_UIApplicationSceneManifest_Generation = YES;
				INFOPLIST_KEY_UIApplicationSupportsIndirectInputEvents = YES;
				INFOPLIST_KEY_UILaunchScreen_Generation = YES;
				INFOPLIST_KEY_UISupportedInterfaceOrientations_iPad = "UIInterfaceOrientationPortrait UIInterfaceOrientationPortraitUpsideDown UIInterfaceOrientationLandscapeLeft UIInterfaceOrientationLandscapeRight";
				INFOPLIST_KEY_UISupportedInterfaceOrientations_iPhone = "UIInterfaceOrientationPortrait UIInterfaceOrientationLandscapeLeft UIInterfaceOrientationLandscapeRight";
				LD_RUNPATH_SEARCH_PATHS = (
					"$(inherited)",
					"@executable_path/Frameworks",
				);
				MARKETING_VERSION = 1.0;
				PRODUCT_BUNDLE_IDENTIFIER = com.moolman.SwiTest;
				PRODUCT_NAME = "$(TARGET_NAME)";
				SWIFT_EMIT_LOC_STRINGS = YES;
				SWIFT_VERSION = 5.0;
				TARGETED_DEVICE_FAMILY = "1,2";
			};
			name = Release;
		};
/* End XCBuildConfiguration section */

/* Begin XCConfigurationList section */
		78CFF7A82845044D00B95611 /* Build configuration list for PBXProject "SwiTest" */ = {
			isa = XCConfigurationList;
			buildConfigurations = (
				78CFF7B92845044E00B95611 /* Debug */,
				78CFF7BA2845044E00B95611 /* Release */,
			);
			defaultConfigurationIsVisible = 0;
			defaultConfigurationName = Release;
		};
		78CFF7BB2845044E00B95611 /* Build configuration list for PBXNativeTarget "SwiTest" */ = {
			isa = XCConfigurationList;
			buildConfigurations = (
				78CFF7BC2845044E00B95611 /* Debug */,
				78CFF7BD2845044E00B95611 /* Release */,
			);
			defaultConfigurationIsVisible = 0;
			defaultConfigurationName = Release;
		};
/* End XCConfigurationList section */
	};
	rootObject = 78CFF7A52845044D00B95611 /* Project object */;
}
